// !$*UTF8*$!
{
	archiveVersion = 1;
	classes = {
	};
	objectVersion = 50;
	objects = {

/* Begin PBXBuildFile section */
		874949E22278342300EB7FDB /* AppDelegate.swift in Sources */ = {isa = PBXBuildFile; fileRef = 874949E12278342300EB7FDB /* AppDelegate.swift */; };
		874949E42278342300EB7FDB /* LaunchesViewController.swift in Sources */ = {isa = PBXBuildFile; fileRef = 874949E32278342300EB7FDB /* LaunchesViewController.swift */; };
		874949E72278342300EB7FDB /* Main.storyboard in Resources */ = {isa = PBXBuildFile; fileRef = 874949E52278342300EB7FDB /* Main.storyboard */; };
		874949E92278342500EB7FDB /* Assets.xcassets in Resources */ = {isa = PBXBuildFile; fileRef = 874949E82278342500EB7FDB /* Assets.xcassets */; };
		874949EC2278342500EB7FDB /* LaunchScreen.storyboard in Resources */ = {isa = PBXBuildFile; fileRef = 874949EA2278342500EB7FDB /* LaunchScreen.storyboard */; };
		874949F72278342500EB7FDB /* SpaceXTests.swift in Sources */ = {isa = PBXBuildFile; fileRef = 874949F62278342500EB7FDB /* SpaceXTests.swift */; };
		87494A022278342500EB7FDB /* SpaceXUITests.swift in Sources */ = {isa = PBXBuildFile; fileRef = 87494A012278342500EB7FDB /* SpaceXUITests.swift */; };
		87494A1022783C2B00EB7FDB /* Launch.swift in Sources */ = {isa = PBXBuildFile; fileRef = 87494A0F22783C2B00EB7FDB /* Launch.swift */; };
		87494A1222783C4D00EB7FDB /* LaunchesDelegate.swift in Sources */ = {isa = PBXBuildFile; fileRef = 87494A1122783C4D00EB7FDB /* LaunchesDelegate.swift */; };
		87494A1422788CC500EB7FDB /* LaunchService.swift in Sources */ = {isa = PBXBuildFile; fileRef = 87494A1322788CC500EB7FDB /* LaunchService.swift */; };
/* End PBXBuildFile section */

/* Begin PBXContainerItemProxy section */
		874949F32278342500EB7FDB /* PBXContainerItemProxy */ = {
			isa = PBXContainerItemProxy;
			containerPortal = 874949D62278342300EB7FDB /* Project object */;
			proxyType = 1;
			remoteGlobalIDString = 874949DD2278342300EB7FDB;
			remoteInfo = SpaceX;
		};
		874949FE2278342500EB7FDB /* PBXContainerItemProxy */ = {
			isa = PBXContainerItemProxy;
			containerPortal = 874949D62278342300EB7FDB /* Project object */;
			proxyType = 1;
			remoteGlobalIDString = 874949DD2278342300EB7FDB;
			remoteInfo = SpaceX;
		};
/* End PBXContainerItemProxy section */

/* Begin PBXFileReference section */
		874949DE2278342300EB7FDB /* SpaceX.app */ = {isa = PBXFileReference; explicitFileType = wrapper.application; includeInIndex = 0; path = SpaceX.app; sourceTree = BUILT_PRODUCTS_DIR; };
		874949E12278342300EB7FDB /* AppDelegate.swift */ = {isa = PBXFileReference; lastKnownFileType = sourcecode.swift; path = AppDelegate.swift; sourceTree = "<group>"; };
		874949E32278342300EB7FDB /* LaunchesViewController.swift */ = {isa = PBXFileReference; lastKnownFileType = sourcecode.swift; path = LaunchesViewController.swift; sourceTree = "<group>"; };
		874949E62278342300EB7FDB /* Base */ = {isa = PBXFileReference; lastKnownFileType = file.storyboard; name = Base; path = Base.lproj/Main.storyboard; sourceTree = "<group>"; };
		874949E82278342500EB7FDB /* Assets.xcassets */ = {isa = PBXFileReference; lastKnownFileType = folder.assetcatalog; path = Assets.xcassets; sourceTree = "<group>"; };
		874949EB2278342500EB7FDB /* Base */ = {isa = PBXFileReference; lastKnownFileType = file.storyboard; name = Base; path = Base.lproj/LaunchScreen.storyboard; sourceTree = "<group>"; };
		874949ED2278342500EB7FDB /* Info.plist */ = {isa = PBXFileReference; lastKnownFileType = text.plist.xml; path = Info.plist; sourceTree = "<group>"; };
		874949F22278342500EB7FDB /* SpaceXTests.xctest */ = {isa = PBXFileReference; explicitFileType = wrapper.cfbundle; includeInIndex = 0; path = SpaceXTests.xctest; sourceTree = BUILT_PRODUCTS_DIR; };
		874949F62278342500EB7FDB /* SpaceXTests.swift */ = {isa = PBXFileReference; lastKnownFileType = sourcecode.swift; path = SpaceXTests.swift; sourceTree = "<group>"; };
		874949F82278342500EB7FDB /* Info.plist */ = {isa = PBXFileReference; lastKnownFileType = text.plist.xml; path = Info.plist; sourceTree = "<group>"; };
		874949FD2278342500EB7FDB /* SpaceXUITests.xctest */ = {isa = PBXFileReference; explicitFileType = wrapper.cfbundle; includeInIndex = 0; path = SpaceXUITests.xctest; sourceTree = BUILT_PRODUCTS_DIR; };
		87494A012278342500EB7FDB /* SpaceXUITests.swift */ = {isa = PBXFileReference; lastKnownFileType = sourcecode.swift; path = SpaceXUITests.swift; sourceTree = "<group>"; };
		87494A032278342500EB7FDB /* Info.plist */ = {isa = PBXFileReference; lastKnownFileType = text.plist.xml; path = Info.plist; sourceTree = "<group>"; };
		87494A0F22783C2B00EB7FDB /* Launch.swift */ = {isa = PBXFileReference; lastKnownFileType = sourcecode.swift; path = Launch.swift; sourceTree = "<group>"; };
		87494A1122783C4D00EB7FDB /* LaunchesDelegate.swift */ = {isa = PBXFileReference; lastKnownFileType = sourcecode.swift; path = LaunchesDelegate.swift; sourceTree = "<group>"; };
		87494A1322788CC500EB7FDB /* LaunchService.swift */ = {isa = PBXFileReference; lastKnownFileType = sourcecode.swift; path = LaunchService.swift; sourceTree = "<group>"; };
/* End PBXFileReference section */

/* Begin PBXFrameworksBuildPhase section */
		874949DB2278342300EB7FDB /* Frameworks */ = {
			isa = PBXFrameworksBuildPhase;
			buildActionMask = 2147483647;
			files = (
			);
			runOnlyForDeploymentPostprocessing = 0;
		};
		874949EF2278342500EB7FDB /* Frameworks */ = {
			isa = PBXFrameworksBuildPhase;
			buildActionMask = 2147483647;
			files = (
			);
			runOnlyForDeploymentPostprocessing = 0;
		};
		874949FA2278342500EB7FDB /* Frameworks */ = {
			isa = PBXFrameworksBuildPhase;
			buildActionMask = 2147483647;
			files = (
			);
			runOnlyForDeploymentPostprocessing = 0;
		};
/* End PBXFrameworksBuildPhase section */

/* Begin PBXGroup section */
		874949D52278342300EB7FDB = {
			isa = PBXGroup;
			children = (
				874949E02278342300EB7FDB /* SpaceX */,
				874949F52278342500EB7FDB /* SpaceXTests */,
				87494A002278342500EB7FDB /* SpaceXUITests */,
				874949DF2278342300EB7FDB /* Products */,
			);
			sourceTree = "<group>";
		};
		874949DF2278342300EB7FDB /* Products */ = {
			isa = PBXGroup;
			children = (
				874949DE2278342300EB7FDB /* SpaceX.app */,
				874949F22278342500EB7FDB /* SpaceXTests.xctest */,
				874949FD2278342500EB7FDB /* SpaceXUITests.xctest */,
			);
			name = Products;
			sourceTree = "<group>";
		};
		874949E02278342300EB7FDB /* SpaceX */ = {
			isa = PBXGroup;
			children = (
				874949E12278342300EB7FDB /* AppDelegate.swift */,
				874949E82278342500EB7FDB /* Assets.xcassets */,
				874949ED2278342500EB7FDB /* Info.plist */,
				87494A0F22783C2B00EB7FDB /* Launch.swift */,
				87494A1122783C4D00EB7FDB /* LaunchesDelegate.swift */,
				874949E32278342300EB7FDB /* LaunchesViewController.swift */,
				874949EA2278342500EB7FDB /* LaunchScreen.storyboard */,
				87494A1322788CC500EB7FDB /* LaunchService.swift */,
				874949E52278342300EB7FDB /* Main.storyboard */,
			);
			path = SpaceX;
			sourceTree = "<group>";
		};
		874949F52278342500EB7FDB /* SpaceXTests */ = {
			isa = PBXGroup;
			children = (
				874949F62278342500EB7FDB /* SpaceXTests.swift */,
				874949F82278342500EB7FDB /* Info.plist */,
			);
			path = SpaceXTests;
			sourceTree = "<group>";
		};
		87494A002278342500EB7FDB /* SpaceXUITests */ = {
			isa = PBXGroup;
			children = (
				87494A012278342500EB7FDB /* SpaceXUITests.swift */,
				87494A032278342500EB7FDB /* Info.plist */,
			);
			path = SpaceXUITests;
			sourceTree = "<group>";
		};
/* End PBXGroup section */

/* Begin PBXNativeTarget section */
		874949DD2278342300EB7FDB /* SpaceX */ = {
			isa = PBXNativeTarget;
			buildConfigurationList = 87494A062278342500EB7FDB /* Build configuration list for PBXNativeTarget "SpaceX" */;
			buildPhases = (
				874949DA2278342300EB7FDB /* Sources */,
				874949DB2278342300EB7FDB /* Frameworks */,
				874949DC2278342300EB7FDB /* Resources */,
			);
			buildRules = (
			);
			dependencies = (
			);
			name = SpaceX;
			productName = SpaceX;
			productReference = 874949DE2278342300EB7FDB /* SpaceX.app */;
			productType = "com.apple.product-type.application";
		};
		874949F12278342500EB7FDB /* SpaceXTests */ = {
			isa = PBXNativeTarget;
			buildConfigurationList = 87494A092278342500EB7FDB /* Build configuration list for PBXNativeTarget "SpaceXTests" */;
			buildPhases = (
				874949EE2278342500EB7FDB /* Sources */,
				874949EF2278342500EB7FDB /* Frameworks */,
				874949F02278342500EB7FDB /* Resources */,
			);
			buildRules = (
			);
			dependencies = (
				874949F42278342500EB7FDB /* PBXTargetDependency */,
			);
			name = SpaceXTests;
			productName = SpaceXTests;
			productReference = 874949F22278342500EB7FDB /* SpaceXTests.xctest */;
			productType = "com.apple.product-type.bundle.unit-test";
		};
		874949FC2278342500EB7FDB /* SpaceXUITests */ = {
			isa = PBXNativeTarget;
			buildConfigurationList = 87494A0C2278342500EB7FDB /* Build configuration list for PBXNativeTarget "SpaceXUITests" */;
			buildPhases = (
				874949F92278342500EB7FDB /* Sources */,
				874949FA2278342500EB7FDB /* Frameworks */,
				874949FB2278342500EB7FDB /* Resources */,
			);
			buildRules = (
			);
			dependencies = (
				874949FF2278342500EB7FDB /* PBXTargetDependency */,
			);
			name = SpaceXUITests;
			productName = SpaceXUITests;
			productReference = 874949FD2278342500EB7FDB /* SpaceXUITests.xctest */;
			productType = "com.apple.product-type.bundle.ui-testing";
		};
/* End PBXNativeTarget section */

/* Begin PBXProject section */
		874949D62278342300EB7FDB /* Project object */ = {
			isa = PBXProject;
			attributes = {
				LastSwiftUpdateCheck = 1020;
				LastUpgradeCheck = 1020;
				ORGANIZATIONNAME = "Paolo Boschini";
				TargetAttributes = {
					874949DD2278342300EB7FDB = {
						CreatedOnToolsVersion = 10.2.1;
					};
					874949F12278342500EB7FDB = {
						CreatedOnToolsVersion = 10.2.1;
						TestTargetID = 874949DD2278342300EB7FDB;
					};
					874949FC2278342500EB7FDB = {
						CreatedOnToolsVersion = 10.2.1;
						TestTargetID = 874949DD2278342300EB7FDB;
					};
				};
			};
			buildConfigurationList = 874949D92278342300EB7FDB /* Build configuration list for PBXProject "SpaceX" */;
			compatibilityVersion = "Xcode 9.3";
			developmentRegion = en;
			hasScannedForEncodings = 0;
			knownRegions = (
				en,
				Base,
			);
			mainGroup = 874949D52278342300EB7FDB;
			productRefGroup = 874949DF2278342300EB7FDB /* Products */;
			projectDirPath = "";
			projectRoot = "";
			targets = (
				874949DD2278342300EB7FDB /* SpaceX */,
				874949F12278342500EB7FDB /* SpaceXTests */,
				874949FC2278342500EB7FDB /* SpaceXUITests */,
			);
		};
/* End PBXProject section */

/* Begin PBXResourcesBuildPhase section */
		874949DC2278342300EB7FDB /* Resources */ = {
			isa = PBXResourcesBuildPhase;
			buildActionMask = 2147483647;
			files = (
				874949EC2278342500EB7FDB /* LaunchScreen.storyboard in Resources */,
				874949E92278342500EB7FDB /* Assets.xcassets in Resources */,
				874949E72278342300EB7FDB /* Main.storyboard in Resources */,
			);
			runOnlyForDeploymentPostprocessing = 0;
		};
		874949F02278342500EB7FDB /* Resources */ = {
			isa = PBXResourcesBuildPhase;
			buildActionMask = 2147483647;
			files = (
			);
			runOnlyForDeploymentPostprocessing = 0;
		};
		874949FB2278342500EB7FDB /* Resources */ = {
			isa = PBXResourcesBuildPhase;
			buildActionMask = 2147483647;
			files = (
			);
			runOnlyForDeploymentPostprocessing = 0;
		};
/* End PBXResourcesBuildPhase section */

/* Begin PBXSourcesBuildPhase section */
		874949DA2278342300EB7FDB /* Sources */ = {
			isa = PBXSourcesBuildPhase;
			buildActionMask = 2147483647;
			files = (
				874949E42278342300EB7FDB /* LaunchesViewController.swift in Sources */,
				87494A1022783C2B00EB7FDB /* Launch.swift in Sources */,
				87494A1422788CC500EB7FDB /* LaunchService.swift in Sources */,
				874949E22278342300EB7FDB /* AppDelegate.swift in Sources */,
				87494A1222783C4D00EB7FDB /* LaunchesDelegate.swift in Sources */,
			);
			runOnlyForDeploymentPostprocessing = 0;
		};
		874949EE2278342500EB7FDB /* Sources */ = {
			isa = PBXSourcesBuildPhase;
			buildActionMask = 2147483647;
			files = (
				874949F72278342500EB7FDB /* SpaceXTests.swift in Sources */,
			);
			runOnlyForDeploymentPostprocessing = 0;
		};
		874949F92278342500EB7FDB /* Sources */ = {
			isa = PBXSourcesBuildPhase;
			buildActionMask = 2147483647;
			files = (
				87494A022278342500EB7FDB /* SpaceXUITests.swift in Sources */,
			);
			runOnlyForDeploymentPostprocessing = 0;
		};
/* End PBXSourcesBuildPhase section */

/* Begin PBXTargetDependency section */
		874949F42278342500EB7FDB /* PBXTargetDependency */ = {
			isa = PBXTargetDependency;
			target = 874949DD2278342300EB7FDB /* SpaceX */;
			targetProxy = 874949F32278342500EB7FDB /* PBXContainerItemProxy */;
		};
		874949FF2278342500EB7FDB /* PBXTargetDependency */ = {
			isa = PBXTargetDependency;
			target = 874949DD2278342300EB7FDB /* SpaceX */;
			targetProxy = 874949FE2278342500EB7FDB /* PBXContainerItemProxy */;
		};
/* End PBXTargetDependency section */

/* Begin PBXVariantGroup section */
		874949E52278342300EB7FDB /* Main.storyboard */ = {
			isa = PBXVariantGroup;
			children = (
				874949E62278342300EB7FDB /* Base */,
			);
			name = Main.storyboard;
			sourceTree = "<group>";
		};
		874949EA2278342500EB7FDB /* LaunchScreen.storyboard */ = {
			isa = PBXVariantGroup;
			children = (
				874949EB2278342500EB7FDB /* Base */,
			);
			name = LaunchScreen.storyboard;
			sourceTree = "<group>";
		};
/* End PBXVariantGroup section */

/* Begin XCBuildConfiguration section */
		87494A042278342500EB7FDB /* Debug */ = {
			isa = XCBuildConfiguration;
			buildSettings = {
				ALWAYS_SEARCH_USER_PATHS = NO;
				CLANG_ANALYZER_NONNULL = YES;
				CLANG_ANALYZER_NUMBER_OBJECT_CONVERSION = YES_AGGRESSIVE;
				CLANG_CXX_LANGUAGE_STANDARD = "gnu++14";
				CLANG_CXX_LIBRARY = "libc++";
				CLANG_ENABLE_MODULES = YES;
				CLANG_ENABLE_OBJC_ARC = YES;
				CLANG_ENABLE_OBJC_WEAK = YES;
				CLANG_WARN_BLOCK_CAPTURE_AUTORELEASING = YES;
				CLANG_WARN_BOOL_CONVERSION = YES;
				CLANG_WARN_COMMA = YES;
				CLANG_WARN_CONSTANT_CONVERSION = YES;
				CLANG_WARN_DEPRECATED_OBJC_IMPLEMENTATIONS = YES;
				CLANG_WARN_DIRECT_OBJC_ISA_USAGE = YES_ERROR;
				CLANG_WARN_DOCUMENTATION_COMMENTS = YES;
				CLANG_WARN_EMPTY_BODY = YES;
				CLANG_WARN_ENUM_CONVERSION = YES;
				CLANG_WARN_INFINITE_RECURSION = YES;
				CLANG_WARN_INT_CONVERSION = YES;
				CLANG_WARN_NON_LITERAL_NULL_CONVERSION = YES;
				CLANG_WARN_OBJC_IMPLICIT_RETAIN_SELF = YES;
				CLANG_WARN_OBJC_LITERAL_CONVERSION = YES;
				CLANG_WARN_OBJC_ROOT_CLASS = YES_ERROR;
				CLANG_WARN_RANGE_LOOP_ANALYSIS = YES;
				CLANG_WARN_STRICT_PROTOTYPES = YES;
				CLANG_WARN_SUSPICIOUS_MOVE = YES;
				CLANG_WARN_UNGUARDED_AVAILABILITY = YES_AGGRESSIVE;
				CLANG_WARN_UNREACHABLE_CODE = YES;
				CLANG_WARN__DUPLICATE_METHOD_MATCH = YES;
				CODE_SIGN_IDENTITY = "iPhone Developer";
				COPY_PHASE_STRIP = NO;
				DEBUG_INFORMATION_FORMAT = dwarf;
				ENABLE_STRICT_OBJC_MSGSEND = YES;
				ENABLE_TESTABILITY = YES;
				GCC_C_LANGUAGE_STANDARD = gnu11;
				GCC_DYNAMIC_NO_PIC = NO;
				GCC_NO_COMMON_BLOCKS = YES;
				GCC_OPTIMIZATION_LEVEL = 0;
				GCC_PREPROCESSOR_DEFINITIONS = (
					"DEBUG=1",
					"$(inherited)",
				);
				GCC_WARN_64_TO_32_BIT_CONVERSION = YES;
				GCC_WARN_ABOUT_RETURN_TYPE = YES_ERROR;
				GCC_WARN_UNDECLARED_SELECTOR = YES;
				GCC_WARN_UNINITIALIZED_AUTOS = YES_AGGRESSIVE;
				GCC_WARN_UNUSED_FUNCTION = YES;
				GCC_WARN_UNUSED_VARIABLE = YES;
				IPHONEOS_DEPLOYMENT_TARGET = 12.2;
				MTL_ENABLE_DEBUG_INFO = INCLUDE_SOURCE;
				MTL_FAST_MATH = YES;
				ONLY_ACTIVE_ARCH = YES;
				SDKROOT = iphoneos;
				SWIFT_ACTIVE_COMPILATION_CONDITIONS = DEBUG;
				SWIFT_OPTIMIZATION_LEVEL = "-Onone";
			};
			name = Debug;
		};
		87494A052278342500EB7FDB /* Release */ = {
			isa = XCBuildConfiguration;
			buildSettings = {
				ALWAYS_SEARCH_USER_PATHS = NO;
				CLANG_ANALYZER_NONNULL = YES;
				CLANG_ANALYZER_NUMBER_OBJECT_CONVERSION = YES_AGGRESSIVE;
				CLANG_CXX_LANGUAGE_STANDARD = "gnu++14";
				CLANG_CXX_LIBRARY = "libc++";
				CLANG_ENABLE_MODULES = YES;
				CLANG_ENABLE_OBJC_ARC = YES;
				CLANG_ENABLE_OBJC_WEAK = YES;
				CLANG_WARN_BLOCK_CAPTURE_AUTORELEASING = YES;
				CLANG_WARN_BOOL_CONVERSION = YES;
				CLANG_WARN_COMMA = YES;
				CLANG_WARN_CONSTANT_CONVERSION = YES;
				CLANG_WARN_DEPRECATED_OBJC_IMPLEMENTATIONS = YES;
				CLANG_WARN_DIRECT_OBJC_ISA_USAGE = YES_ERROR;
				CLANG_WARN_DOCUMENTATION_COMMENTS = YES;
				CLANG_WARN_EMPTY_BODY = YES;
				CLANG_WARN_ENUM_CONVERSION = YES;
				CLANG_WARN_INFINITE_RECURSION = YES;
				CLANG_WARN_INT_CONVERSION = YES;
				CLANG_WARN_NON_LITERAL_NULL_CONVERSION = YES;
				CLANG_WARN_OBJC_IMPLICIT_RETAIN_SELF = YES;
				CLANG_WARN_OBJC_LITERAL_CONVERSION = YES;
				CLANG_WARN_OBJC_ROOT_CLASS = YES_ERROR;
				CLANG_WARN_RANGE_LOOP_ANALYSIS = YES;
				CLANG_WARN_STRICT_PROTOTYPES = YES;
				CLANG_WARN_SUSPICIOUS_MOVE = YES;
				CLANG_WARN_UNGUARDED_AVAILABILITY = YES_AGGRESSIVE;
				CLANG_WARN_UNREACHABLE_CODE = YES;
				CLANG_WARN__DUPLICATE_METHOD_MATCH = YES;
				CODE_SIGN_IDENTITY = "iPhone Developer";
				COPY_PHASE_STRIP = NO;
				DEBUG_INFORMATION_FORMAT = "dwarf-with-dsym";
				ENABLE_NS_ASSERTIONS = NO;
				ENABLE_STRICT_OBJC_MSGSEND = YES;
				GCC_C_LANGUAGE_STANDARD = gnu11;
				GCC_NO_COMMON_BLOCKS = YES;
				GCC_WARN_64_TO_32_BIT_CONVERSION = YES;
				GCC_WARN_ABOUT_RETURN_TYPE = YES_ERROR;
				GCC_WARN_UNDECLARED_SELECTOR = YES;
				GCC_WARN_UNINITIALIZED_AUTOS = YES_AGGRESSIVE;
				GCC_WARN_UNUSED_FUNCTION = YES;
				GCC_WARN_UNUSED_VARIABLE = YES;
				IPHONEOS_DEPLOYMENT_TARGET = 12.2;
				MTL_ENABLE_DEBUG_INFO = NO;
				MTL_FAST_MATH = YES;
				SDKROOT = iphoneos;
				SWIFT_COMPILATION_MODE = wholemodule;
				SWIFT_OPTIMIZATION_LEVEL = "-O";
				VALIDATE_PRODUCT = YES;
			};
			name = Release;
		};
		87494A072278342500EB7FDB /* Debug */ = {
			isa = XCBuildConfiguration;
			buildSettings = {
				ASSETCATALOG_COMPILER_APPICON_NAME = AppIcon;
				CODE_SIGN_STYLE = Automatic;
				DEVELOPMENT_TEAM = QUFDS5TS8Z;
				INFOPLIST_FILE = SpaceX/Info.plist;
				LD_RUNPATH_SEARCH_PATHS = (
					"$(inherited)",
					"@executable_path/Frameworks",
				);
				PRODUCT_BUNDLE_IDENTIFIER = com.paoloboschini.SpaceX;
				PRODUCT_NAME = "$(TARGET_NAME)";
				SWIFT_VERSION = 5.0;
				TARGETED_DEVICE_FAMILY = "1,2";
			};
			name = Debug;
		};
		87494A082278342500EB7FDB /* Release */ = {
			isa = XCBuildConfiguration;
			buildSettings = {
				ASSETCATALOG_COMPILER_APPICON_NAME = AppIcon;
				CODE_SIGN_STYLE = Automatic;
				DEVELOPMENT_TEAM = QUFDS5TS8Z;
				INFOPLIST_FILE = SpaceX/Info.plist;
				LD_RUNPATH_SEARCH_PATHS = (
					"$(inherited)",
					"@executable_path/Frameworks",
				);
				PRODUCT_BUNDLE_IDENTIFIER = com.paoloboschini.SpaceX;
				PRODUCT_NAME = "$(TARGET_NAME)";
				SWIFT_VERSION = 5.0;
				TARGETED_DEVICE_FAMILY = "1,2";
			};
			name = Release;
		};
		87494A0A2278342500EB7FDB /* Debug */ = {
			isa = XCBuildConfiguration;
			buildSettings = {
				ALWAYS_EMBED_SWIFT_STANDARD_LIBRARIES = YES;
				BUNDLE_LOADER = "$(TEST_HOST)";
				CODE_SIGN_STYLE = Automatic;
				INFOPLIST_FILE = SpaceXTests/Info.plist;
				LD_RUNPATH_SEARCH_PATHS = (
					"$(inherited)",
					"@executable_path/Frameworks",
					"@loader_path/Frameworks",
				);
				PRODUCT_BUNDLE_IDENTIFIER = com.paoloboschini.SpaceXTests;
				PRODUCT_NAME = "$(TARGET_NAME)";
				SWIFT_VERSION = 5.0;
				TARGETED_DEVICE_FAMILY = "1,2";
				TEST_HOST = "$(BUILT_PRODUCTS_DIR)/SpaceX.app/SpaceX";
			};
			name = Debug;
		};
		87494A0B2278342500EB7FDB /* Release */ = {
			isa = XCBuildConfiguration;
			buildSettings = {
				ALWAYS_EMBED_SWIFT_STANDARD_LIBRARIES = YES;
				BUNDLE_LOADER = "$(TEST_HOST)";
				CODE_SIGN_STYLE = Automatic;
				INFOPLIST_FILE = SpaceXTests/Info.plist;
				LD_RUNPATH_SEARCH_PATHS = (
					"$(inherited)",
					"@executable_path/Frameworks",
					"@loader_path/Frameworks",
				);
				PRODUCT_BUNDLE_IDENTIFIER = com.paoloboschini.SpaceXTests;
				PRODUCT_NAME = "$(TARGET_NAME)";
				SWIFT_VERSION = 5.0;
				TARGETED_DEVICE_FAMILY = "1,2";
				TEST_HOST = "$(BUILT_PRODUCTS_DIR)/SpaceX.app/SpaceX";
			};
			name = Release;
		};
		87494A0D2278342500EB7FDB /* Debug */ = {
			isa = XCBuildConfiguration;
			buildSettings = {
				ALWAYS_EMBED_SWIFT_STANDARD_LIBRARIES = YES;
				CODE_SIGN_STYLE = Automatic;
				INFOPLIST_FILE = SpaceXUITests/Info.plist;
				LD_RUNPATH_SEARCH_PATHS = (
					"$(inherited)",
					"@executable_path/Frameworks",
					"@loader_path/Frameworks",
				);
				PRODUCT_BUNDLE_IDENTIFIER = com.paoloboschini.SpaceXUITests;
				PRODUCT_NAME = "$(TARGET_NAME)";
				SWIFT_VERSION = 5.0;
				TARGETED_DEVICE_FAMILY = "1,2";
				TEST_TARGET_NAME = SpaceX;
			};
			name = Debug;
		};
		87494A0E2278342500EB7FDB /* Release */ = {
			isa = XCBuildConfiguration;
			buildSettings = {
				ALWAYS_EMBED_SWIFT_STANDARD_LIBRARIES = YES;
				CODE_SIGN_STYLE = Automatic;
				INFOPLIST_FILE = SpaceXUITests/Info.plist;
				LD_RUNPATH_SEARCH_PATHS = (
					"$(inherited)",
					"@executable_path/Frameworks",
					"@loader_path/Frameworks",
				);
				PRODUCT_BUNDLE_IDENTIFIER = com.paoloboschini.SpaceXUITests;
				PRODUCT_NAME = "$(TARGET_NAME)";
				SWIFT_VERSION = 5.0;
				TARGETED_DEVICE_FAMILY = "1,2";
				TEST_TARGET_NAME = SpaceX;
			};
			name = Release;
		};
/* End XCBuildConfiguration section */

/* Begin XCConfigurationList section */
		874949D92278342300EB7FDB /* Build configuration list for PBXProject "SpaceX" */ = {
			isa = XCConfigurationList;
			buildConfigurations = (
				87494A042278342500EB7FDB /* Debug */,
				87494A052278342500EB7FDB /* Release */,
			);
			defaultConfigurationIsVisible = 0;
			defaultConfigurationName = Release;
		};
		87494A062278342500EB7FDB /* Build configuration list for PBXNativeTarget "SpaceX" */ = {
			isa = XCConfigurationList;
			buildConfigurations = (
				87494A072278342500EB7FDB /* Debug */,
				87494A082278342500EB7FDB /* Release */,
			);
			defaultConfigurationIsVisible = 0;
			defaultConfigurationName = Release;
		};
		87494A092278342500EB7FDB /* Build configuration list for PBXNativeTarget "SpaceXTests" */ = {
			isa = XCConfigurationList;
			buildConfigurations = (
				87494A0A2278342500EB7FDB /* Debug */,
				87494A0B2278342500EB7FDB /* Release */,
			);
			defaultConfigurationIsVisible = 0;
			defaultConfigurationName = Release;
		};
		87494A0C2278342500EB7FDB /* Build configuration list for PBXNativeTarget "SpaceXUITests" */ = {
			isa = XCConfigurationList;
			buildConfigurations = (
				87494A0D2278342500EB7FDB /* Debug */,
				87494A0E2278342500EB7FDB /* Release */,
			);
			defaultConfigurationIsVisible = 0;
			defaultConfigurationName = Release;
		};
/* End XCConfigurationList section */
	};
	rootObject = 874949D62278342300EB7FDB /* Project object */;
}
